
Microsoft Visual Studio Solution File, Format Version 12.00
# Visual Studio Version 17
VisualStudioVersion = 17.11.35208.52
MinimumVisualStudioVersion = 10.0.40219.1
Project("{FAE04EC0-301F-11D3-BF4B-00C04F79EFBC}") = "Tur", "Tur\Tur.csproj", "{058FDC96-EE04-4338-8BED-239B5078EBA9}"
EndProject
Global
	GlobalSection(SolutionConfigurationPlatforms) = preSolution
		Debug|Any CPU = Debug|Any CPU
		Release|Any CPU = Release|Any CPU
	EndGlobalSection
	GlobalSection(ProjectConfigurationPlatforms) = postSolution
		{058FDC96-EE04-4338-8BED-239B5078EBA9}.Debug|Any CPU.ActiveCfg = Debug|Any CPU
		{058FDC96-EE04-4338-8BED-239B5078EBA9}.Debug|Any CPU.Build.0 = Debug|Any CPU
		{058FDC96-EE04-4338-8BED-239B5078EBA9}.Release|Any CPU.ActiveCfg = Release|Any CPU
		{058FDC96-EE04-4338-8BED-239B5078EBA9}.Release|Any CPU.Build.0 = Release|Any CPU
	EndGlobalSection
	GlobalSection(SolutionProperties) = preSolution
		HideSolutionNode = FALSE
	EndGlobalSection
	GlobalSection(ExtensibilityGlobals) = postSolution
		SolutionGuid = {788F24E9-8074-4F55-8D3D-268F187BA019}
	EndGlobalSection
EndGlobal
